
Microsoft Visual Studio Solution File, Format Version 12.00
# Visual Studio Version 17
VisualStudioVersion = 17.11.35208.52
MinimumVisualStudioVersion = 10.0.40219.1
Project("{FAE04EC0-301F-11D3-BF4B-00C04F79EFBC}") = "Labb_1_Natural_Language_Processing", "Labb_1_Natural_Language_Processing\Labb_1_Natural_Language_Processing.csproj", "{4BF8CF0F-7FE2-4A2A-911B-BEEB886FA8F4}"
EndProject
Global
	GlobalSection(SolutionConfigurationPlatforms) = preSolution
		Debug|Any CPU = Debug|Any CPU
		Release|Any CPU = Release|Any CPU
	EndGlobalSection
	GlobalSection(ProjectConfigurationPlatforms) = postSolution
		{4BF8CF0F-7FE2-4A2A-911B-BEEB886FA8F4}.Debug|Any CPU.ActiveCfg = Debug|Any CPU
		{4BF8CF0F-7FE2-4A2A-911B-BEEB886FA8F4}.Debug|Any CPU.Build.0 = Debug|Any CPU
		{4BF8CF0F-7FE2-4A2A-911B-BEEB886FA8F4}.Release|Any CPU.ActiveCfg = Release|Any CPU
		{4BF8CF0F-7FE2-4A2A-911B-BEEB886FA8F4}.Release|Any CPU.Build.0 = Release|Any CPU
	EndGlobalSection
	GlobalSection(SolutionProperties) = preSolution
		HideSolutionNode = FALSE
	EndGlobalSection
	GlobalSection(ExtensibilityGlobals) = postSolution
		SolutionGuid = {C7B7FAC4-9BBA-40C8-A293-2AAC8C61C610}
	EndGlobalSection
EndGlobal
